// !$*UTF8*$!
{
	archiveVersion = 1;
	classes = {
	};
	objectVersion = 56;
	objects = {

/* Begin PBXBuildFile section */
		5406E7B02B77528300394DF0 /* Queries.swift in Sources */ = {isa = PBXBuildFile; fileRef = 5406E7AF2B77528300394DF0 /* Queries.swift */; };
		5406E7B32B7752D100394DF0 /* WolframAlphaResult.swift in Sources */ = {isa = PBXBuildFile; fileRef = 5406E7B22B7752D100394DF0 /* WolframAlphaResult.swift */; };
		5406E7B52B77553A00394DF0 /* FavoritePrimesView.swift in Sources */ = {isa = PBXBuildFile; fileRef = 5406E7B42B77553A00394DF0 /* FavoritePrimesView.swift */; };
		5406E7B82B79144F00394DF0 /* AppReducer.swift in Sources */ = {isa = PBXBuildFile; fileRef = 5406E7B72B79144F00394DF0 /* AppReducer.swift */; };
		5406E7BB2B7920F900394DF0 /* AppAction.swift in Sources */ = {isa = PBXBuildFile; fileRef = 5406E7BA2B7920F900394DF0 /* AppAction.swift */; };
		5406E7C12B7BBB1800394DF0 /* HigherOrderReducers.swift in Sources */ = {isa = PBXBuildFile; fileRef = 5406E7C02B7BBB1800394DF0 /* HigherOrderReducers.swift */; };
		5406E7C82B7C9E7E00394DF0 /* DEFENITIONS.md in Resources */ = {isa = PBXBuildFile; fileRef = 5406E7C72B7C9E7E00394DF0 /* DEFENITIONS.md */; };
		5406E7D22B7CA9B700394DF0 /* Counter.docc in Sources */ = {isa = PBXBuildFile; fileRef = 5406E7D12B7CA9B700394DF0 /* Counter.docc */; };
		5406E7D82B7CA9B700394DF0 /* Counter.framework in Frameworks */ = {isa = PBXBuildFile; fileRef = 5406E7CE2B7CA9B700394DF0 /* Counter.framework */; };
		5406E7DF2B7CA9B700394DF0 /* CounterTests.swift in Sources */ = {isa = PBXBuildFile; fileRef = 5406E7DE2B7CA9B700394DF0 /* CounterTests.swift */; };
		5406E7E02B7CA9B700394DF0 /* Counter.h in Headers */ = {isa = PBXBuildFile; fileRef = 5406E7D02B7CA9B700394DF0 /* Counter.h */; settings = {ATTRIBUTES = (Public, ); }; };
		5406E7E32B7CA9B700394DF0 /* Counter.framework in Frameworks */ = {isa = PBXBuildFile; fileRef = 5406E7CE2B7CA9B700394DF0 /* Counter.framework */; };
		5406E7E42B7CA9B700394DF0 /* Counter.framework in Embed Frameworks */ = {isa = PBXBuildFile; fileRef = 5406E7CE2B7CA9B700394DF0 /* Counter.framework */; settings = {ATTRIBUTES = (CodeSignOnCopy, RemoveHeadersOnCopy, ); }; };
		5406E7F52B7CA9DC00394DF0 /* PrimeModal.docc in Sources */ = {isa = PBXBuildFile; fileRef = 5406E7F42B7CA9DC00394DF0 /* PrimeModal.docc */; };
		5406E7FB2B7CA9DC00394DF0 /* PrimeModal.framework in Frameworks */ = {isa = PBXBuildFile; fileRef = 5406E7F12B7CA9DC00394DF0 /* PrimeModal.framework */; };
		5406E8022B7CA9DC00394DF0 /* PrimeModalTests.swift in Sources */ = {isa = PBXBuildFile; fileRef = 5406E8012B7CA9DC00394DF0 /* PrimeModalTests.swift */; };
		5406E8032B7CA9DC00394DF0 /* PrimeModal.h in Headers */ = {isa = PBXBuildFile; fileRef = 5406E7F32B7CA9DC00394DF0 /* PrimeModal.h */; settings = {ATTRIBUTES = (Public, ); }; };
		5406E8062B7CA9DC00394DF0 /* PrimeModal.framework in Frameworks */ = {isa = PBXBuildFile; fileRef = 5406E7F12B7CA9DC00394DF0 /* PrimeModal.framework */; };
		5406E8072B7CA9DC00394DF0 /* PrimeModal.framework in Embed Frameworks */ = {isa = PBXBuildFile; fileRef = 5406E7F12B7CA9DC00394DF0 /* PrimeModal.framework */; settings = {ATTRIBUTES = (CodeSignOnCopy, RemoveHeadersOnCopy, ); }; };
		5406E8172B7CA9F100394DF0 /* FavoritePrimes.docc in Sources */ = {isa = PBXBuildFile; fileRef = 5406E8162B7CA9F100394DF0 /* FavoritePrimes.docc */; };
		5406E81D2B7CA9F100394DF0 /* FavoritePrimes.framework in Frameworks */ = {isa = PBXBuildFile; fileRef = 5406E8132B7CA9F100394DF0 /* FavoritePrimes.framework */; };
		5406E8252B7CA9F100394DF0 /* FavoritePrimes.h in Headers */ = {isa = PBXBuildFile; fileRef = 5406E8152B7CA9F100394DF0 /* FavoritePrimes.h */; settings = {ATTRIBUTES = (Public, ); }; };
		5406E8282B7CA9F100394DF0 /* FavoritePrimes.framework in Frameworks */ = {isa = PBXBuildFile; fileRef = 5406E8132B7CA9F100394DF0 /* FavoritePrimes.framework */; };
		5406E8292B7CA9F100394DF0 /* FavoritePrimes.framework in Embed Frameworks */ = {isa = PBXBuildFile; fileRef = 5406E8132B7CA9F100394DF0 /* FavoritePrimes.framework */; settings = {ATTRIBUTES = (CodeSignOnCopy, RemoveHeadersOnCopy, ); }; };
		5406E8392B7CAA4C00394DF0 /* ComposableArchitecture.docc in Sources */ = {isa = PBXBuildFile; fileRef = 5406E8382B7CAA4C00394DF0 /* ComposableArchitecture.docc */; };
		5406E83F2B7CAA4C00394DF0 /* ComposableArchitecture.framework in Frameworks */ = {isa = PBXBuildFile; fileRef = 5406E8352B7CAA4C00394DF0 /* ComposableArchitecture.framework */; };
		5406E8462B7CAA4C00394DF0 /* ComposableArchitectureTests.swift in Sources */ = {isa = PBXBuildFile; fileRef = 5406E8452B7CAA4C00394DF0 /* ComposableArchitectureTests.swift */; };
		5406E8472B7CAA4C00394DF0 /* ComposableArchitecture.h in Headers */ = {isa = PBXBuildFile; fileRef = 5406E8372B7CAA4C00394DF0 /* ComposableArchitecture.h */; settings = {ATTRIBUTES = (Public, ); }; };
		5406E84A2B7CAA4C00394DF0 /* ComposableArchitecture.framework in Frameworks */ = {isa = PBXBuildFile; fileRef = 5406E8352B7CAA4C00394DF0 /* ComposableArchitecture.framework */; };
		5406E84B2B7CAA4C00394DF0 /* ComposableArchitecture.framework in Embed Frameworks */ = {isa = PBXBuildFile; fileRef = 5406E8352B7CAA4C00394DF0 /* ComposableArchitecture.framework */; settings = {ATTRIBUTES = (CodeSignOnCopy, RemoveHeadersOnCopy, ); }; };
		5406E8532B7CAA6000394DF0 /* ComposableArchitecture.swift in Sources */ = {isa = PBXBuildFile; fileRef = 5406E8522B7CAA6000394DF0 /* ComposableArchitecture.swift */; };
		5406E8552B7E301E00394DF0 /* Counter.swift in Sources */ = {isa = PBXBuildFile; fileRef = 5406E8542B7E301E00394DF0 /* Counter.swift */; };
		5406E8572B7E308300394DF0 /* PrimeModal.swift in Sources */ = {isa = PBXBuildFile; fileRef = 5406E8562B7E308300394DF0 /* PrimeModal.swift */; };
		5406E8592B7E315700394DF0 /* FavoritePrimes.swift in Sources */ = {isa = PBXBuildFile; fileRef = 5406E8582B7E315700394DF0 /* FavoritePrimes.swift */; };
		5406E85B2B7E31CF00394DF0 /* FavoritePrimesTests.swift in Sources */ = {isa = PBXBuildFile; fileRef = 5406E8232B7CA9F100394DF0 /* FavoritePrimesTests.swift */; };
		548AA1FE2B754C8500BD4BBF /* ComposableArchApp.swift in Sources */ = {isa = PBXBuildFile; fileRef = 548AA1FD2B754C8500BD4BBF /* ComposableArchApp.swift */; };
		548AA2002B754C8500BD4BBF /* ContentView.swift in Sources */ = {isa = PBXBuildFile; fileRef = 548AA1FF2B754C8500BD4BBF /* ContentView.swift */; };
		548AA2022B754C8600BD4BBF /* Assets.xcassets in Resources */ = {isa = PBXBuildFile; fileRef = 548AA2012B754C8600BD4BBF /* Assets.xcassets */; };
		548AA2052B754C8600BD4BBF /* Preview Assets.xcassets in Resources */ = {isa = PBXBuildFile; fileRef = 548AA2042B754C8600BD4BBF /* Preview Assets.xcassets */; };
		548AA20C2B754E9100BD4BBF /* CounterView.swift in Sources */ = {isa = PBXBuildFile; fileRef = 548AA20B2B754E9100BD4BBF /* CounterView.swift */; };
		548AA20E2B75521D00BD4BBF /* AppState.swift in Sources */ = {isa = PBXBuildFile; fileRef = 548AA20D2B75521D00BD4BBF /* AppState.swift */; };
		548AA2112B756A1800BD4BBF /* IsPrimeModelView.swift in Sources */ = {isa = PBXBuildFile; fileRef = 548AA2102B756A1800BD4BBF /* IsPrimeModelView.swift */; };
/* End PBXBuildFile section */

/* Begin PBXContainerItemProxy section */
		5406E7D92B7CA9B700394DF0 /* PBXContainerItemProxy */ = {
			isa = PBXContainerItemProxy;
			containerPortal = 548AA1F22B754C8500BD4BBF /* Project object */;
			proxyType = 1;
			remoteGlobalIDString = 5406E7CD2B7CA9B700394DF0;
			remoteInfo = Counter;
		};
		5406E7DB2B7CA9B700394DF0 /* PBXContainerItemProxy */ = {
			isa = PBXContainerItemProxy;
			containerPortal = 548AA1F22B754C8500BD4BBF /* Project object */;
			proxyType = 1;
			remoteGlobalIDString = 548AA1F92B754C8500BD4BBF;
			remoteInfo = ComposableArch;
		};
		5406E7E12B7CA9B700394DF0 /* PBXContainerItemProxy */ = {
			isa = PBXContainerItemProxy;
			containerPortal = 548AA1F22B754C8500BD4BBF /* Project object */;
			proxyType = 1;
			remoteGlobalIDString = 5406E7CD2B7CA9B700394DF0;
			remoteInfo = Counter;
		};
		5406E7FC2B7CA9DC00394DF0 /* PBXContainerItemProxy */ = {
			isa = PBXContainerItemProxy;
			containerPortal = 548AA1F22B754C8500BD4BBF /* Project object */;
			proxyType = 1;
			remoteGlobalIDString = 5406E7F02B7CA9DC00394DF0;
			remoteInfo = PrimeModal;
		};
		5406E7FE2B7CA9DC00394DF0 /* PBXContainerItemProxy */ = {
			isa = PBXContainerItemProxy;
			containerPortal = 548AA1F22B754C8500BD4BBF /* Project object */;
			proxyType = 1;
			remoteGlobalIDString = 548AA1F92B754C8500BD4BBF;
			remoteInfo = ComposableArch;
		};
		5406E8042B7CA9DC00394DF0 /* PBXContainerItemProxy */ = {
			isa = PBXContainerItemProxy;
			containerPortal = 548AA1F22B754C8500BD4BBF /* Project object */;
			proxyType = 1;
			remoteGlobalIDString = 5406E7F02B7CA9DC00394DF0;
			remoteInfo = PrimeModal;
		};
		5406E81E2B7CA9F100394DF0 /* PBXContainerItemProxy */ = {
			isa = PBXContainerItemProxy;
			containerPortal = 548AA1F22B754C8500BD4BBF /* Project object */;
			proxyType = 1;
			remoteGlobalIDString = 5406E8122B7CA9F100394DF0;
			remoteInfo = FavoritePrimes;
		};
		5406E8202B7CA9F100394DF0 /* PBXContainerItemProxy */ = {
			isa = PBXContainerItemProxy;
			containerPortal = 548AA1F22B754C8500BD4BBF /* Project object */;
			proxyType = 1;
			remoteGlobalIDString = 548AA1F92B754C8500BD4BBF;
			remoteInfo = ComposableArch;
		};
		5406E8262B7CA9F100394DF0 /* PBXContainerItemProxy */ = {
			isa = PBXContainerItemProxy;
			containerPortal = 548AA1F22B754C8500BD4BBF /* Project object */;
			proxyType = 1;
			remoteGlobalIDString = 5406E8122B7CA9F100394DF0;
			remoteInfo = FavoritePrimes;
		};
		5406E8402B7CAA4C00394DF0 /* PBXContainerItemProxy */ = {
			isa = PBXContainerItemProxy;
			containerPortal = 548AA1F22B754C8500BD4BBF /* Project object */;
			proxyType = 1;
			remoteGlobalIDString = 5406E8342B7CAA4C00394DF0;
			remoteInfo = ComposableArchitecture;
		};
		5406E8422B7CAA4C00394DF0 /* PBXContainerItemProxy */ = {
			isa = PBXContainerItemProxy;
			containerPortal = 548AA1F22B754C8500BD4BBF /* Project object */;
			proxyType = 1;
			remoteGlobalIDString = 548AA1F92B754C8500BD4BBF;
			remoteInfo = ComposableArch;
		};
		5406E8482B7CAA4C00394DF0 /* PBXContainerItemProxy */ = {
			isa = PBXContainerItemProxy;
			containerPortal = 548AA1F22B754C8500BD4BBF /* Project object */;
			proxyType = 1;
			remoteGlobalIDString = 5406E8342B7CAA4C00394DF0;
			remoteInfo = ComposableArchitecture;
		};
/* End PBXContainerItemProxy section */

/* Begin PBXCopyFilesBuildPhase section */
		5406E7E82B7CA9B700394DF0 /* Embed Frameworks */ = {
			isa = PBXCopyFilesBuildPhase;
			buildActionMask = 2147483647;
			dstPath = "";
			dstSubfolderSpec = 10;
			files = (
				5406E84B2B7CAA4C00394DF0 /* ComposableArchitecture.framework in Embed Frameworks */,
				5406E8072B7CA9DC00394DF0 /* PrimeModal.framework in Embed Frameworks */,
				5406E7E42B7CA9B700394DF0 /* Counter.framework in Embed Frameworks */,
				5406E8292B7CA9F100394DF0 /* FavoritePrimes.framework in Embed Frameworks */,
			);
			name = "Embed Frameworks";
			runOnlyForDeploymentPostprocessing = 0;
		};
/* End PBXCopyFilesBuildPhase section */

/* Begin PBXFileReference section */
		5406E7AF2B77528300394DF0 /* Queries.swift */ = {isa = PBXFileReference; lastKnownFileType = sourcecode.swift; path = Queries.swift; sourceTree = "<group>"; };
		5406E7B22B7752D100394DF0 /* WolframAlphaResult.swift */ = {isa = PBXFileReference; lastKnownFileType = sourcecode.swift; path = WolframAlphaResult.swift; sourceTree = "<group>"; };
		5406E7B42B77553A00394DF0 /* FavoritePrimesView.swift */ = {isa = PBXFileReference; lastKnownFileType = sourcecode.swift; path = FavoritePrimesView.swift; sourceTree = "<group>"; };
		5406E7B72B79144F00394DF0 /* AppReducer.swift */ = {isa = PBXFileReference; lastKnownFileType = sourcecode.swift; path = AppReducer.swift; sourceTree = "<group>"; };
		5406E7BA2B7920F900394DF0 /* AppAction.swift */ = {isa = PBXFileReference; lastKnownFileType = sourcecode.swift; path = AppAction.swift; sourceTree = "<group>"; };
		5406E7C02B7BBB1800394DF0 /* HigherOrderReducers.swift */ = {isa = PBXFileReference; lastKnownFileType = sourcecode.swift; path = HigherOrderReducers.swift; sourceTree = "<group>"; };
		5406E7C72B7C9E7E00394DF0 /* DEFENITIONS.md */ = {isa = PBXFileReference; lastKnownFileType = net.daringfireball.markdown; path = DEFENITIONS.md; sourceTree = "<group>"; };
		5406E7CE2B7CA9B700394DF0 /* Counter.framework */ = {isa = PBXFileReference; explicitFileType = wrapper.framework; includeInIndex = 0; path = Counter.framework; sourceTree = BUILT_PRODUCTS_DIR; };
		5406E7D02B7CA9B700394DF0 /* Counter.h */ = {isa = PBXFileReference; lastKnownFileType = sourcecode.c.h; path = Counter.h; sourceTree = "<group>"; };
		5406E7D12B7CA9B700394DF0 /* Counter.docc */ = {isa = PBXFileReference; lastKnownFileType = folder.documentationcatalog; path = Counter.docc; sourceTree = "<group>"; };
		5406E7D72B7CA9B700394DF0 /* CounterTests.xctest */ = {isa = PBXFileReference; explicitFileType = wrapper.cfbundle; includeInIndex = 0; path = CounterTests.xctest; sourceTree = BUILT_PRODUCTS_DIR; };
		5406E7DE2B7CA9B700394DF0 /* CounterTests.swift */ = {isa = PBXFileReference; lastKnownFileType = sourcecode.swift; path = CounterTests.swift; sourceTree = "<group>"; };
		5406E7F12B7CA9DC00394DF0 /* PrimeModal.framework */ = {isa = PBXFileReference; explicitFileType = wrapper.framework; includeInIndex = 0; path = PrimeModal.framework; sourceTree = BUILT_PRODUCTS_DIR; };
		5406E7F32B7CA9DC00394DF0 /* PrimeModal.h */ = {isa = PBXFileReference; lastKnownFileType = sourcecode.c.h; path = PrimeModal.h; sourceTree = "<group>"; };
		5406E7F42B7CA9DC00394DF0 /* PrimeModal.docc */ = {isa = PBXFileReference; lastKnownFileType = folder.documentationcatalog; path = PrimeModal.docc; sourceTree = "<group>"; };
		5406E7FA2B7CA9DC00394DF0 /* PrimeModalTests.xctest */ = {isa = PBXFileReference; explicitFileType = wrapper.cfbundle; includeInIndex = 0; path = PrimeModalTests.xctest; sourceTree = BUILT_PRODUCTS_DIR; };
		5406E8012B7CA9DC00394DF0 /* PrimeModalTests.swift */ = {isa = PBXFileReference; lastKnownFileType = sourcecode.swift; path = PrimeModalTests.swift; sourceTree = "<group>"; };
		5406E8132B7CA9F100394DF0 /* FavoritePrimes.framework */ = {isa = PBXFileReference; explicitFileType = wrapper.framework; includeInIndex = 0; path = FavoritePrimes.framework; sourceTree = BUILT_PRODUCTS_DIR; };
		5406E8152B7CA9F100394DF0 /* FavoritePrimes.h */ = {isa = PBXFileReference; lastKnownFileType = sourcecode.c.h; path = FavoritePrimes.h; sourceTree = "<group>"; };
		5406E8162B7CA9F100394DF0 /* FavoritePrimes.docc */ = {isa = PBXFileReference; lastKnownFileType = folder.documentationcatalog; path = FavoritePrimes.docc; sourceTree = "<group>"; };
		5406E81C2B7CA9F100394DF0 /* FavoritePrimesTests.xctest */ = {isa = PBXFileReference; explicitFileType = wrapper.cfbundle; includeInIndex = 0; path = FavoritePrimesTests.xctest; sourceTree = BUILT_PRODUCTS_DIR; };
		5406E8232B7CA9F100394DF0 /* FavoritePrimesTests.swift */ = {isa = PBXFileReference; lastKnownFileType = sourcecode.swift; path = FavoritePrimesTests.swift; sourceTree = "<group>"; };
		5406E8352B7CAA4C00394DF0 /* ComposableArchitecture.framework */ = {isa = PBXFileReference; explicitFileType = wrapper.framework; includeInIndex = 0; path = ComposableArchitecture.framework; sourceTree = BUILT_PRODUCTS_DIR; };
		5406E8372B7CAA4C00394DF0 /* ComposableArchitecture.h */ = {isa = PBXFileReference; lastKnownFileType = sourcecode.c.h; path = ComposableArchitecture.h; sourceTree = "<group>"; };
		5406E8382B7CAA4C00394DF0 /* ComposableArchitecture.docc */ = {isa = PBXFileReference; lastKnownFileType = folder.documentationcatalog; path = ComposableArchitecture.docc; sourceTree = "<group>"; };
		5406E83E2B7CAA4C00394DF0 /* ComposableArchitectureTests.xctest */ = {isa = PBXFileReference; explicitFileType = wrapper.cfbundle; includeInIndex = 0; path = ComposableArchitectureTests.xctest; sourceTree = BUILT_PRODUCTS_DIR; };
		5406E8452B7CAA4C00394DF0 /* ComposableArchitectureTests.swift */ = {isa = PBXFileReference; lastKnownFileType = sourcecode.swift; path = ComposableArchitectureTests.swift; sourceTree = "<group>"; };
		5406E8522B7CAA6000394DF0 /* ComposableArchitecture.swift */ = {isa = PBXFileReference; lastKnownFileType = sourcecode.swift; path = ComposableArchitecture.swift; sourceTree = "<group>"; };
		5406E8542B7E301E00394DF0 /* Counter.swift */ = {isa = PBXFileReference; lastKnownFileType = sourcecode.swift; path = Counter.swift; sourceTree = "<group>"; };
		5406E8562B7E308300394DF0 /* PrimeModal.swift */ = {isa = PBXFileReference; lastKnownFileType = sourcecode.swift; path = PrimeModal.swift; sourceTree = "<group>"; };
		5406E8582B7E315700394DF0 /* FavoritePrimes.swift */ = {isa = PBXFileReference; lastKnownFileType = sourcecode.swift; path = FavoritePrimes.swift; sourceTree = "<group>"; };
		548AA1FA2B754C8500BD4BBF /* ComposableArch.app */ = {isa = PBXFileReference; explicitFileType = wrapper.application; includeInIndex = 0; path = ComposableArch.app; sourceTree = BUILT_PRODUCTS_DIR; };
		548AA1FD2B754C8500BD4BBF /* ComposableArchApp.swift */ = {isa = PBXFileReference; lastKnownFileType = sourcecode.swift; path = ComposableArchApp.swift; sourceTree = "<group>"; };
		548AA1FF2B754C8500BD4BBF /* ContentView.swift */ = {isa = PBXFileReference; lastKnownFileType = sourcecode.swift; path = ContentView.swift; sourceTree = "<group>"; };
		548AA2012B754C8600BD4BBF /* Assets.xcassets */ = {isa = PBXFileReference; lastKnownFileType = folder.assetcatalog; path = Assets.xcassets; sourceTree = "<group>"; };
		548AA2042B754C8600BD4BBF /* Preview Assets.xcassets */ = {isa = PBXFileReference; lastKnownFileType = folder.assetcatalog; path = "Preview Assets.xcassets"; sourceTree = "<group>"; };
		548AA20B2B754E9100BD4BBF /* CounterView.swift */ = {isa = PBXFileReference; lastKnownFileType = sourcecode.swift; path = CounterView.swift; sourceTree = "<group>"; };
		548AA20D2B75521D00BD4BBF /* AppState.swift */ = {isa = PBXFileReference; lastKnownFileType = sourcecode.swift; path = AppState.swift; sourceTree = "<group>"; };
		548AA2102B756A1800BD4BBF /* IsPrimeModelView.swift */ = {isa = PBXFileReference; lastKnownFileType = sourcecode.swift; path = IsPrimeModelView.swift; sourceTree = "<group>"; };
/* End PBXFileReference section */

/* Begin PBXFrameworksBuildPhase section */
		5406E7CB2B7CA9B700394DF0 /* Frameworks */ = {
			isa = PBXFrameworksBuildPhase;
			buildActionMask = 2147483647;
			files = (
			);
			runOnlyForDeploymentPostprocessing = 0;
		};
		5406E7D42B7CA9B700394DF0 /* Frameworks */ = {
			isa = PBXFrameworksBuildPhase;
			buildActionMask = 2147483647;
			files = (
				5406E7D82B7CA9B700394DF0 /* Counter.framework in Frameworks */,
			);
			runOnlyForDeploymentPostprocessing = 0;
		};
		5406E7EE2B7CA9DC00394DF0 /* Frameworks */ = {
			isa = PBXFrameworksBuildPhase;
			buildActionMask = 2147483647;
			files = (
			);
			runOnlyForDeploymentPostprocessing = 0;
		};
		5406E7F72B7CA9DC00394DF0 /* Frameworks */ = {
			isa = PBXFrameworksBuildPhase;
			buildActionMask = 2147483647;
			files = (
				5406E7FB2B7CA9DC00394DF0 /* PrimeModal.framework in Frameworks */,
			);
			runOnlyForDeploymentPostprocessing = 0;
		};
		5406E8102B7CA9F100394DF0 /* Frameworks */ = {
			isa = PBXFrameworksBuildPhase;
			buildActionMask = 2147483647;
			files = (
			);
			runOnlyForDeploymentPostprocessing = 0;
		};
		5406E8192B7CA9F100394DF0 /* Frameworks */ = {
			isa = PBXFrameworksBuildPhase;
			buildActionMask = 2147483647;
			files = (
				5406E81D2B7CA9F100394DF0 /* FavoritePrimes.framework in Frameworks */,
			);
			runOnlyForDeploymentPostprocessing = 0;
		};
		5406E8322B7CAA4C00394DF0 /* Frameworks */ = {
			isa = PBXFrameworksBuildPhase;
			buildActionMask = 2147483647;
			files = (
			);
			runOnlyForDeploymentPostprocessing = 0;
		};
		5406E83B2B7CAA4C00394DF0 /* Frameworks */ = {
			isa = PBXFrameworksBuildPhase;
			buildActionMask = 2147483647;
			files = (
				5406E83F2B7CAA4C00394DF0 /* ComposableArchitecture.framework in Frameworks */,
			);
			runOnlyForDeploymentPostprocessing = 0;
		};
		548AA1F72B754C8500BD4BBF /* Frameworks */ = {
			isa = PBXFrameworksBuildPhase;
			buildActionMask = 2147483647;
			files = (
				5406E84A2B7CAA4C00394DF0 /* ComposableArchitecture.framework in Frameworks */,
				5406E8062B7CA9DC00394DF0 /* PrimeModal.framework in Frameworks */,
				5406E7E32B7CA9B700394DF0 /* Counter.framework in Frameworks */,
				5406E8282B7CA9F100394DF0 /* FavoritePrimes.framework in Frameworks */,
			);
			runOnlyForDeploymentPostprocessing = 0;
		};
/* End PBXFrameworksBuildPhase section */

/* Begin PBXGroup section */
		5406E7AE2B77527400394DF0 /* Network */ = {
			isa = PBXGroup;
			children = (
				5406E7B22B7752D100394DF0 /* WolframAlphaResult.swift */,
				5406E7AF2B77528300394DF0 /* Queries.swift */,
			);
			path = Network;
			sourceTree = "<group>";
		};
		5406E7B12B7752BB00394DF0 /* Models */ = {
			isa = PBXGroup;
			children = (
				548AA20D2B75521D00BD4BBF /* AppState.swift */,
			);
			path = Models;
			sourceTree = "<group>";
		};
		5406E7CF2B7CA9B700394DF0 /* Counter */ = {
			isa = PBXGroup;
			children = (
				5406E7D02B7CA9B700394DF0 /* Counter.h */,
				5406E8542B7E301E00394DF0 /* Counter.swift */,
				5406E7D12B7CA9B700394DF0 /* Counter.docc */,
			);
			path = Counter;
			sourceTree = "<group>";
		};
		5406E7DD2B7CA9B700394DF0 /* CounterTests */ = {
			isa = PBXGroup;
			children = (
				5406E7DE2B7CA9B700394DF0 /* CounterTests.swift */,
			);
			path = CounterTests;
			sourceTree = "<group>";
		};
		5406E7F22B7CA9DC00394DF0 /* PrimeModal */ = {
			isa = PBXGroup;
			children = (
				5406E8562B7E308300394DF0 /* PrimeModal.swift */,
				5406E7F32B7CA9DC00394DF0 /* PrimeModal.h */,
				5406E7F42B7CA9DC00394DF0 /* PrimeModal.docc */,
			);
			path = PrimeModal;
			sourceTree = "<group>";
		};
		5406E8002B7CA9DC00394DF0 /* PrimeModalTests */ = {
			isa = PBXGroup;
			children = (
				5406E8012B7CA9DC00394DF0 /* PrimeModalTests.swift */,
			);
			path = PrimeModalTests;
			sourceTree = "<group>";
		};
		5406E8142B7CA9F100394DF0 /* FavoritePrimes */ = {
			isa = PBXGroup;
			children = (
				5406E8582B7E315700394DF0 /* FavoritePrimes.swift */,
				5406E8152B7CA9F100394DF0 /* FavoritePrimes.h */,
				5406E8162B7CA9F100394DF0 /* FavoritePrimes.docc */,
			);
			path = FavoritePrimes;
			sourceTree = "<group>";
		};
		5406E8222B7CA9F100394DF0 /* FavoritePrimesTests */ = {
			isa = PBXGroup;
			children = (
				5406E8232B7CA9F100394DF0 /* FavoritePrimesTests.swift */,
			);
			path = FavoritePrimesTests;
			sourceTree = "<group>";
		};
		5406E8362B7CAA4C00394DF0 /* ComposableArchitecture */ = {
			isa = PBXGroup;
			children = (
				5406E8522B7CAA6000394DF0 /* ComposableArchitecture.swift */,
				5406E8372B7CAA4C00394DF0 /* ComposableArchitecture.h */,
				5406E8382B7CAA4C00394DF0 /* ComposableArchitecture.docc */,
			);
			path = ComposableArchitecture;
			sourceTree = "<group>";
		};
		5406E8442B7CAA4C00394DF0 /* ComposableArchitectureTests */ = {
			isa = PBXGroup;
			children = (
				5406E8452B7CAA4C00394DF0 /* ComposableArchitectureTests.swift */,
			);
			path = ComposableArchitectureTests;
			sourceTree = "<group>";
		};
		548AA1F12B754C8500BD4BBF = {
			isa = PBXGroup;
			children = (
				5406E7C72B7C9E7E00394DF0 /* DEFENITIONS.md */,
				548AA1FC2B754C8500BD4BBF /* ComposableArch */,
				5406E7CF2B7CA9B700394DF0 /* Counter */,
				5406E7DD2B7CA9B700394DF0 /* CounterTests */,
				5406E7F22B7CA9DC00394DF0 /* PrimeModal */,
				5406E8002B7CA9DC00394DF0 /* PrimeModalTests */,
				5406E8142B7CA9F100394DF0 /* FavoritePrimes */,
				5406E8222B7CA9F100394DF0 /* FavoritePrimesTests */,
				5406E8362B7CAA4C00394DF0 /* ComposableArchitecture */,
				5406E8442B7CAA4C00394DF0 /* ComposableArchitectureTests */,
				548AA1FB2B754C8500BD4BBF /* Products */,
			);
			sourceTree = "<group>";
		};
		548AA1FB2B754C8500BD4BBF /* Products */ = {
			isa = PBXGroup;
			children = (
				548AA1FA2B754C8500BD4BBF /* ComposableArch.app */,
				5406E7CE2B7CA9B700394DF0 /* Counter.framework */,
				5406E7D72B7CA9B700394DF0 /* CounterTests.xctest */,
				5406E7F12B7CA9DC00394DF0 /* PrimeModal.framework */,
				5406E7FA2B7CA9DC00394DF0 /* PrimeModalTests.xctest */,
				5406E8132B7CA9F100394DF0 /* FavoritePrimes.framework */,
				5406E81C2B7CA9F100394DF0 /* FavoritePrimesTests.xctest */,
				5406E8352B7CAA4C00394DF0 /* ComposableArchitecture.framework */,
				5406E83E2B7CAA4C00394DF0 /* ComposableArchitectureTests.xctest */,
			);
			name = Products;
			sourceTree = "<group>";
		};
		548AA1FC2B754C8500BD4BBF /* ComposableArch */ = {
			isa = PBXGroup;
			children = (
				548AA1FD2B754C8500BD4BBF /* ComposableArchApp.swift */,
				5406E7BA2B7920F900394DF0 /* AppAction.swift */,
				5406E7C02B7BBB1800394DF0 /* HigherOrderReducers.swift */,
				5406E7B72B79144F00394DF0 /* AppReducer.swift */,
				5406E7AE2B77527400394DF0 /* Network */,
				5406E7B12B7752BB00394DF0 /* Models */,
				548AA20F2B756A0200BD4BBF /* Views */,
				548AA2012B754C8600BD4BBF /* Assets.xcassets */,
				548AA2032B754C8600BD4BBF /* Preview Content */,
			);
			path = ComposableArch;
			sourceTree = "<group>";
		};
		548AA2032B754C8600BD4BBF /* Preview Content */ = {
			isa = PBXGroup;
			children = (
				548AA2042B754C8600BD4BBF /* Preview Assets.xcassets */,
			);
			path = "Preview Content";
			sourceTree = "<group>";
		};
		548AA20F2B756A0200BD4BBF /* Views */ = {
			isa = PBXGroup;
			children = (
				548AA1FF2B754C8500BD4BBF /* ContentView.swift */,
				548AA20B2B754E9100BD4BBF /* CounterView.swift */,
				548AA2102B756A1800BD4BBF /* IsPrimeModelView.swift */,
				5406E7B42B77553A00394DF0 /* FavoritePrimesView.swift */,
			);
			path = Views;
			sourceTree = "<group>";
		};
/* End PBXGroup section */

/* Begin PBXHeadersBuildPhase section */
		5406E7C92B7CA9B700394DF0 /* Headers */ = {
			isa = PBXHeadersBuildPhase;
			buildActionMask = 2147483647;
			files = (
				5406E7E02B7CA9B700394DF0 /* Counter.h in Headers */,
			);
			runOnlyForDeploymentPostprocessing = 0;
		};
		5406E7EC2B7CA9DC00394DF0 /* Headers */ = {
			isa = PBXHeadersBuildPhase;
			buildActionMask = 2147483647;
			files = (
				5406E8032B7CA9DC00394DF0 /* PrimeModal.h in Headers */,
			);
			runOnlyForDeploymentPostprocessing = 0;
		};
		5406E80E2B7CA9F100394DF0 /* Headers */ = {
			isa = PBXHeadersBuildPhase;
			buildActionMask = 2147483647;
			files = (
				5406E8252B7CA9F100394DF0 /* FavoritePrimes.h in Headers */,
			);
			runOnlyForDeploymentPostprocessing = 0;
		};
		5406E8302B7CAA4C00394DF0 /* Headers */ = {
			isa = PBXHeadersBuildPhase;
			buildActionMask = 2147483647;
			files = (
				5406E8472B7CAA4C00394DF0 /* ComposableArchitecture.h in Headers */,
			);
			runOnlyForDeploymentPostprocessing = 0;
		};
/* End PBXHeadersBuildPhase section */

/* Begin PBXNativeTarget section */
		5406E7CD2B7CA9B700394DF0 /* Counter */ = {
			isa = PBXNativeTarget;
			buildConfigurationList = 5406E7E52B7CA9B700394DF0 /* Build configuration list for PBXNativeTarget "Counter" */;
			buildPhases = (
				5406E7C92B7CA9B700394DF0 /* Headers */,
				5406E7CA2B7CA9B700394DF0 /* Sources */,
				5406E7CB2B7CA9B700394DF0 /* Frameworks */,
				5406E7CC2B7CA9B700394DF0 /* Resources */,
			);
			buildRules = (
			);
			dependencies = (
			);
			name = Counter;
			productName = Counter;
			productReference = 5406E7CE2B7CA9B700394DF0 /* Counter.framework */;
			productType = "com.apple.product-type.framework";
		};
		5406E7D62B7CA9B700394DF0 /* CounterTests */ = {
			isa = PBXNativeTarget;
			buildConfigurationList = 5406E7E92B7CA9B700394DF0 /* Build configuration list for PBXNativeTarget "CounterTests" */;
			buildPhases = (
				5406E7D32B7CA9B700394DF0 /* Sources */,
				5406E7D42B7CA9B700394DF0 /* Frameworks */,
				5406E7D52B7CA9B700394DF0 /* Resources */,
			);
			buildRules = (
			);
			dependencies = (
				5406E7DA2B7CA9B700394DF0 /* PBXTargetDependency */,
				5406E7DC2B7CA9B700394DF0 /* PBXTargetDependency */,
			);
			name = CounterTests;
			productName = CounterTests;
			productReference = 5406E7D72B7CA9B700394DF0 /* CounterTests.xctest */;
			productType = "com.apple.product-type.bundle.unit-test";
		};
		5406E7F02B7CA9DC00394DF0 /* PrimeModal */ = {
			isa = PBXNativeTarget;
			buildConfigurationList = 5406E8082B7CA9DC00394DF0 /* Build configuration list for PBXNativeTarget "PrimeModal" */;
			buildPhases = (
				5406E7EC2B7CA9DC00394DF0 /* Headers */,
				5406E7ED2B7CA9DC00394DF0 /* Sources */,
				5406E7EE2B7CA9DC00394DF0 /* Frameworks */,
				5406E7EF2B7CA9DC00394DF0 /* Resources */,
			);
			buildRules = (
			);
			dependencies = (
			);
			name = PrimeModal;
			productName = PrimeModal;
			productReference = 5406E7F12B7CA9DC00394DF0 /* PrimeModal.framework */;
			productType = "com.apple.product-type.framework";
		};
		5406E7F92B7CA9DC00394DF0 /* PrimeModalTests */ = {
			isa = PBXNativeTarget;
			buildConfigurationList = 5406E80B2B7CA9DC00394DF0 /* Build configuration list for PBXNativeTarget "PrimeModalTests" */;
			buildPhases = (
				5406E7F62B7CA9DC00394DF0 /* Sources */,
				5406E7F72B7CA9DC00394DF0 /* Frameworks */,
				5406E7F82B7CA9DC00394DF0 /* Resources */,
			);
			buildRules = (
			);
			dependencies = (
				5406E7FD2B7CA9DC00394DF0 /* PBXTargetDependency */,
				5406E7FF2B7CA9DC00394DF0 /* PBXTargetDependency */,
			);
			name = PrimeModalTests;
			productName = PrimeModalTests;
			productReference = 5406E7FA2B7CA9DC00394DF0 /* PrimeModalTests.xctest */;
			productType = "com.apple.product-type.bundle.unit-test";
		};
		5406E8122B7CA9F100394DF0 /* FavoritePrimes */ = {
			isa = PBXNativeTarget;
			buildConfigurationList = 5406E82A2B7CA9F100394DF0 /* Build configuration list for PBXNativeTarget "FavoritePrimes" */;
			buildPhases = (
				5406E80E2B7CA9F100394DF0 /* Headers */,
				5406E80F2B7CA9F100394DF0 /* Sources */,
				5406E8102B7CA9F100394DF0 /* Frameworks */,
				5406E8112B7CA9F100394DF0 /* Resources */,
			);
			buildRules = (
			);
			dependencies = (
			);
			name = FavoritePrimes;
			productName = FavoritePrimes;
			productReference = 5406E8132B7CA9F100394DF0 /* FavoritePrimes.framework */;
			productType = "com.apple.product-type.framework";
		};
		5406E81B2B7CA9F100394DF0 /* FavoritePrimesTests */ = {
			isa = PBXNativeTarget;
			buildConfigurationList = 5406E82D2B7CA9F100394DF0 /* Build configuration list for PBXNativeTarget "FavoritePrimesTests" */;
			buildPhases = (
				5406E8182B7CA9F100394DF0 /* Sources */,
				5406E8192B7CA9F100394DF0 /* Frameworks */,
				5406E81A2B7CA9F100394DF0 /* Resources */,
			);
			buildRules = (
			);
			dependencies = (
				5406E81F2B7CA9F100394DF0 /* PBXTargetDependency */,
				5406E8212B7CA9F100394DF0 /* PBXTargetDependency */,
			);
			name = FavoritePrimesTests;
			productName = FavoritePrimesTests;
			productReference = 5406E81C2B7CA9F100394DF0 /* FavoritePrimesTests.xctest */;
			productType = "com.apple.product-type.bundle.unit-test";
		};
		5406E8342B7CAA4C00394DF0 /* ComposableArchitecture */ = {
			isa = PBXNativeTarget;
			buildConfigurationList = 5406E84C2B7CAA4C00394DF0 /* Build configuration list for PBXNativeTarget "ComposableArchitecture" */;
			buildPhases = (
				5406E8302B7CAA4C00394DF0 /* Headers */,
				5406E8312B7CAA4C00394DF0 /* Sources */,
				5406E8322B7CAA4C00394DF0 /* Frameworks */,
				5406E8332B7CAA4C00394DF0 /* Resources */,
			);
			buildRules = (
			);
			dependencies = (
			);
			name = ComposableArchitecture;
			productName = ComposableArchitecture;
			productReference = 5406E8352B7CAA4C00394DF0 /* ComposableArchitecture.framework */;
			productType = "com.apple.product-type.framework";
		};
		5406E83D2B7CAA4C00394DF0 /* ComposableArchitectureTests */ = {
			isa = PBXNativeTarget;
			buildConfigurationList = 5406E84F2B7CAA4C00394DF0 /* Build configuration list for PBXNativeTarget "ComposableArchitectureTests" */;
			buildPhases = (
				5406E83A2B7CAA4C00394DF0 /* Sources */,
				5406E83B2B7CAA4C00394DF0 /* Frameworks */,
				5406E83C2B7CAA4C00394DF0 /* Resources */,
			);
			buildRules = (
			);
			dependencies = (
				5406E8412B7CAA4C00394DF0 /* PBXTargetDependency */,
				5406E8432B7CAA4C00394DF0 /* PBXTargetDependency */,
			);
			name = ComposableArchitectureTests;
			productName = ComposableArchitectureTests;
			productReference = 5406E83E2B7CAA4C00394DF0 /* ComposableArchitectureTests.xctest */;
			productType = "com.apple.product-type.bundle.unit-test";
		};
		548AA1F92B754C8500BD4BBF /* ComposableArch */ = {
			isa = PBXNativeTarget;
			buildConfigurationList = 548AA2082B754C8600BD4BBF /* Build configuration list for PBXNativeTarget "ComposableArch" */;
			buildPhases = (
				548AA1F62B754C8500BD4BBF /* Sources */,
				548AA1F72B754C8500BD4BBF /* Frameworks */,
				548AA1F82B754C8500BD4BBF /* Resources */,
				5406E7E82B7CA9B700394DF0 /* Embed Frameworks */,
			);
			buildRules = (
			);
			dependencies = (
				5406E7E22B7CA9B700394DF0 /* PBXTargetDependency */,
				5406E8052B7CA9DC00394DF0 /* PBXTargetDependency */,
				5406E8272B7CA9F100394DF0 /* PBXTargetDependency */,
				5406E8492B7CAA4C00394DF0 /* PBXTargetDependency */,
			);
			name = ComposableArch;
			productName = ComposableArch;
			productReference = 548AA1FA2B754C8500BD4BBF /* ComposableArch.app */;
			productType = "com.apple.product-type.application";
		};
/* End PBXNativeTarget section */

/* Begin PBXProject section */
		548AA1F22B754C8500BD4BBF /* Project object */ = {
			isa = PBXProject;
			attributes = {
				BuildIndependentTargetsInParallel = 1;
				LastSwiftUpdateCheck = 1500;
				LastUpgradeCheck = 1500;
				TargetAttributes = {
					5406E7CD2B7CA9B700394DF0 = {
						CreatedOnToolsVersion = 15.0.1;
					};
					5406E7D62B7CA9B700394DF0 = {
						CreatedOnToolsVersion = 15.0.1;
						TestTargetID = 548AA1F92B754C8500BD4BBF;
					};
					5406E7F02B7CA9DC00394DF0 = {
						CreatedOnToolsVersion = 15.0.1;
					};
					5406E7F92B7CA9DC00394DF0 = {
						CreatedOnToolsVersion = 15.0.1;
						TestTargetID = 548AA1F92B754C8500BD4BBF;
					};
					5406E8122B7CA9F100394DF0 = {
						CreatedOnToolsVersion = 15.0.1;
					};
					5406E81B2B7CA9F100394DF0 = {
						CreatedOnToolsVersion = 15.0.1;
						TestTargetID = 548AA1F92B754C8500BD4BBF;
					};
					5406E8342B7CAA4C00394DF0 = {
						CreatedOnToolsVersion = 15.0.1;
					};
					5406E83D2B7CAA4C00394DF0 = {
						CreatedOnToolsVersion = 15.0.1;
						TestTargetID = 548AA1F92B754C8500BD4BBF;
					};
					548AA1F92B754C8500BD4BBF = {
						CreatedOnToolsVersion = 15.0.1;
					};
				};
			};
			buildConfigurationList = 548AA1F52B754C8500BD4BBF /* Build configuration list for PBXProject "ComposableArch" */;
			compatibilityVersion = "Xcode 14.0";
			developmentRegion = en;
			hasScannedForEncodings = 0;
			knownRegions = (
				en,
				Base,
			);
			mainGroup = 548AA1F12B754C8500BD4BBF;
			productRefGroup = 548AA1FB2B754C8500BD4BBF /* Products */;
			projectDirPath = "";
			projectRoot = "";
			targets = (
				548AA1F92B754C8500BD4BBF /* ComposableArch */,
				5406E7CD2B7CA9B700394DF0 /* Counter */,
				5406E7D62B7CA9B700394DF0 /* CounterTests */,
				5406E7F02B7CA9DC00394DF0 /* PrimeModal */,
				5406E7F92B7CA9DC00394DF0 /* PrimeModalTests */,
				5406E8122B7CA9F100394DF0 /* FavoritePrimes */,
				5406E81B2B7CA9F100394DF0 /* FavoritePrimesTests */,
				5406E8342B7CAA4C00394DF0 /* ComposableArchitecture */,
				5406E83D2B7CAA4C00394DF0 /* ComposableArchitectureTests */,
			);
		};
/* End PBXProject section */

/* Begin PBXResourcesBuildPhase section */
		5406E7CC2B7CA9B700394DF0 /* Resources */ = {
			isa = PBXResourcesBuildPhase;
			buildActionMask = 2147483647;
			files = (
			);
			runOnlyForDeploymentPostprocessing = 0;
		};
		5406E7D52B7CA9B700394DF0 /* Resources */ = {
			isa = PBXResourcesBuildPhase;
			buildActionMask = 2147483647;
			files = (
			);
			runOnlyForDeploymentPostprocessing = 0;
		};
		5406E7EF2B7CA9DC00394DF0 /* Resources */ = {
			isa = PBXResourcesBuildPhase;
			buildActionMask = 2147483647;
			files = (
			);
			runOnlyForDeploymentPostprocessing = 0;
		};
		5406E7F82B7CA9DC00394DF0 /* Resources */ = {
			isa = PBXResourcesBuildPhase;
			buildActionMask = 2147483647;
			files = (
			);
			runOnlyForDeploymentPostprocessing = 0;
		};
		5406E8112B7CA9F100394DF0 /* Resources */ = {
			isa = PBXResourcesBuildPhase;
			buildActionMask = 2147483647;
			files = (
			);
			runOnlyForDeploymentPostprocessing = 0;
		};
		5406E81A2B7CA9F100394DF0 /* Resources */ = {
			isa = PBXResourcesBuildPhase;
			buildActionMask = 2147483647;
			files = (
			);
			runOnlyForDeploymentPostprocessing = 0;
		};
		5406E8332B7CAA4C00394DF0 /* Resources */ = {
			isa = PBXResourcesBuildPhase;
			buildActionMask = 2147483647;
			files = (
			);
			runOnlyForDeploymentPostprocessing = 0;
		};
		5406E83C2B7CAA4C00394DF0 /* Resources */ = {
			isa = PBXResourcesBuildPhase;
			buildActionMask = 2147483647;
			files = (
			);
			runOnlyForDeploymentPostprocessing = 0;
		};
		548AA1F82B754C8500BD4BBF /* Resources */ = {
			isa = PBXResourcesBuildPhase;
			buildActionMask = 2147483647;
			files = (
				5406E7C82B7C9E7E00394DF0 /* DEFENITIONS.md in Resources */,
				548AA2052B754C8600BD4BBF /* Preview Assets.xcassets in Resources */,
				548AA2022B754C8600BD4BBF /* Assets.xcassets in Resources */,
			);
			runOnlyForDeploymentPostprocessing = 0;
		};
/* End PBXResourcesBuildPhase section */

/* Begin PBXSourcesBuildPhase section */
		5406E7CA2B7CA9B700394DF0 /* Sources */ = {
			isa = PBXSourcesBuildPhase;
			buildActionMask = 2147483647;
			files = (
				5406E8552B7E301E00394DF0 /* Counter.swift in Sources */,
				5406E7D22B7CA9B700394DF0 /* Counter.docc in Sources */,
			);
			runOnlyForDeploymentPostprocessing = 0;
		};
		5406E7D32B7CA9B700394DF0 /* Sources */ = {
			isa = PBXSourcesBuildPhase;
			buildActionMask = 2147483647;
			files = (
				5406E7DF2B7CA9B700394DF0 /* CounterTests.swift in Sources */,
			);
			runOnlyForDeploymentPostprocessing = 0;
		};
		5406E7ED2B7CA9DC00394DF0 /* Sources */ = {
			isa = PBXSourcesBuildPhase;
			buildActionMask = 2147483647;
			files = (
				5406E7F52B7CA9DC00394DF0 /* PrimeModal.docc in Sources */,
				5406E8572B7E308300394DF0 /* PrimeModal.swift in Sources */,
			);
			runOnlyForDeploymentPostprocessing = 0;
		};
		5406E7F62B7CA9DC00394DF0 /* Sources */ = {
			isa = PBXSourcesBuildPhase;
			buildActionMask = 2147483647;
			files = (
				5406E8022B7CA9DC00394DF0 /* PrimeModalTests.swift in Sources */,
			);
			runOnlyForDeploymentPostprocessing = 0;
		};
		5406E80F2B7CA9F100394DF0 /* Sources */ = {
			isa = PBXSourcesBuildPhase;
			buildActionMask = 2147483647;
			files = (
				5406E8172B7CA9F100394DF0 /* FavoritePrimes.docc in Sources */,
				5406E8592B7E315700394DF0 /* FavoritePrimes.swift in Sources */,
			);
			runOnlyForDeploymentPostprocessing = 0;
		};
		5406E8182B7CA9F100394DF0 /* Sources */ = {
			isa = PBXSourcesBuildPhase;
			buildActionMask = 2147483647;
			files = (
				5406E85B2B7E31CF00394DF0 /* FavoritePrimesTests.swift in Sources */,
			);
			runOnlyForDeploymentPostprocessing = 0;
		};
		5406E8312B7CAA4C00394DF0 /* Sources */ = {
			isa = PBXSourcesBuildPhase;
			buildActionMask = 2147483647;
			files = (
				5406E8392B7CAA4C00394DF0 /* ComposableArchitecture.docc in Sources */,
				5406E8532B7CAA6000394DF0 /* ComposableArchitecture.swift in Sources */,
			);
			runOnlyForDeploymentPostprocessing = 0;
		};
		5406E83A2B7CAA4C00394DF0 /* Sources */ = {
			isa = PBXSourcesBuildPhase;
			buildActionMask = 2147483647;
			files = (
				5406E8462B7CAA4C00394DF0 /* ComposableArchitectureTests.swift in Sources */,
			);
			runOnlyForDeploymentPostprocessing = 0;
		};
		548AA1F62B754C8500BD4BBF /* Sources */ = {
			isa = PBXSourcesBuildPhase;
			buildActionMask = 2147483647;
			files = (
				5406E7B32B7752D100394DF0 /* WolframAlphaResult.swift in Sources */,
				548AA2002B754C8500BD4BBF /* ContentView.swift in Sources */,
				548AA1FE2B754C8500BD4BBF /* ComposableArchApp.swift in Sources */,
				5406E7C12B7BBB1800394DF0 /* HigherOrderReducers.swift in Sources */,
				5406E7B02B77528300394DF0 /* Queries.swift in Sources */,
				5406E7BB2B7920F900394DF0 /* AppAction.swift in Sources */,
				548AA2112B756A1800BD4BBF /* IsPrimeModelView.swift in Sources */,
				5406E7B82B79144F00394DF0 /* AppReducer.swift in Sources */,
				548AA20C2B754E9100BD4BBF /* CounterView.swift in Sources */,
				5406E7B52B77553A00394DF0 /* FavoritePrimesView.swift in Sources */,
				548AA20E2B75521D00BD4BBF /* AppState.swift in Sources */,
			);
			runOnlyForDeploymentPostprocessing = 0;
		};
/* End PBXSourcesBuildPhase section */

/* Begin PBXTargetDependency section */
		5406E7DA2B7CA9B700394DF0 /* PBXTargetDependency */ = {
			isa = PBXTargetDependency;
			target = 5406E7CD2B7CA9B700394DF0 /* Counter */;
			targetProxy = 5406E7D92B7CA9B700394DF0 /* PBXContainerItemProxy */;
		};
		5406E7DC2B7CA9B700394DF0 /* PBXTargetDependency */ = {
			isa = PBXTargetDependency;
			target = 548AA1F92B754C8500BD4BBF /* ComposableArch */;
			targetProxy = 5406E7DB2B7CA9B700394DF0 /* PBXContainerItemProxy */;
		};
		5406E7E22B7CA9B700394DF0 /* PBXTargetDependency */ = {
			isa = PBXTargetDependency;
			target = 5406E7CD2B7CA9B700394DF0 /* Counter */;
			targetProxy = 5406E7E12B7CA9B700394DF0 /* PBXContainerItemProxy */;
		};
		5406E7FD2B7CA9DC00394DF0 /* PBXTargetDependency */ = {
			isa = PBXTargetDependency;
			target = 5406E7F02B7CA9DC00394DF0 /* PrimeModal */;
			targetProxy = 5406E7FC2B7CA9DC00394DF0 /* PBXContainerItemProxy */;
		};
		5406E7FF2B7CA9DC00394DF0 /* PBXTargetDependency */ = {
			isa = PBXTargetDependency;
			target = 548AA1F92B754C8500BD4BBF /* ComposableArch */;
			targetProxy = 5406E7FE2B7CA9DC00394DF0 /* PBXContainerItemProxy */;
		};
		5406E8052B7CA9DC00394DF0 /* PBXTargetDependency */ = {
			isa = PBXTargetDependency;
			target = 5406E7F02B7CA9DC00394DF0 /* PrimeModal */;
			targetProxy = 5406E8042B7CA9DC00394DF0 /* PBXContainerItemProxy */;
		};
		5406E81F2B7CA9F100394DF0 /* PBXTargetDependency */ = {
			isa = PBXTargetDependency;
			target = 5406E8122B7CA9F100394DF0 /* FavoritePrimes */;
			targetProxy = 5406E81E2B7CA9F100394DF0 /* PBXContainerItemProxy */;
		};
		5406E8212B7CA9F100394DF0 /* PBXTargetDependency */ = {
			isa = PBXTargetDependency;
			target = 548AA1F92B754C8500BD4BBF /* ComposableArch */;
			targetProxy = 5406E8202B7CA9F100394DF0 /* PBXContainerItemProxy */;
		};
		5406E8272B7CA9F100394DF0 /* PBXTargetDependency */ = {
			isa = PBXTargetDependency;
			target = 5406E8122B7CA9F100394DF0 /* FavoritePrimes */;
			targetProxy = 5406E8262B7CA9F100394DF0 /* PBXContainerItemProxy */;
		};
		5406E8412B7CAA4C00394DF0 /* PBXTargetDependency */ = {
			isa = PBXTargetDependency;
			target = 5406E8342B7CAA4C00394DF0 /* ComposableArchitecture */;
			targetProxy = 5406E8402B7CAA4C00394DF0 /* PBXContainerItemProxy */;
		};
		5406E8432B7CAA4C00394DF0 /* PBXTargetDependency */ = {
			isa = PBXTargetDependency;
			target = 548AA1F92B754C8500BD4BBF /* ComposableArch */;
			targetProxy = 5406E8422B7CAA4C00394DF0 /* PBXContainerItemProxy */;
		};
		5406E8492B7CAA4C00394DF0 /* PBXTargetDependency */ = {
			isa = PBXTargetDependency;
			target = 5406E8342B7CAA4C00394DF0 /* ComposableArchitecture */;
			targetProxy = 5406E8482B7CAA4C00394DF0 /* PBXContainerItemProxy */;
		};
/* End PBXTargetDependency section */

/* Begin XCBuildConfiguration section */
		5406E7E62B7CA9B700394DF0 /* Debug */ = {
			isa = XCBuildConfiguration;
			buildSettings = {
				CODE_SIGN_STYLE = Automatic;
				CURRENT_PROJECT_VERSION = 1;
				DEFINES_MODULE = YES;
				DEVELOPMENT_TEAM = 45SSL5KC89;
				DYLIB_COMPATIBILITY_VERSION = 1;
				DYLIB_CURRENT_VERSION = 1;
				DYLIB_INSTALL_NAME_BASE = "@rpath";
				ENABLE_MODULE_VERIFIER = YES;
				GENERATE_INFOPLIST_FILE = YES;
				INFOPLIST_KEY_NSHumanReadableCopyright = "";
				INSTALL_PATH = "$(LOCAL_LIBRARY_DIR)/Frameworks";
				LD_RUNPATH_SEARCH_PATHS = (
					"$(inherited)",
					"@executable_path/Frameworks",
					"@loader_path/Frameworks",
				);
				MARKETING_VERSION = 1.0;
				MODULE_VERIFIER_SUPPORTED_LANGUAGES = "objective-c objective-c++";
				MODULE_VERIFIER_SUPPORTED_LANGUAGE_STANDARDS = "gnu17 gnu++20";
				PRODUCT_BUNDLE_IDENTIFIER = forSuccess.Counter;
				PRODUCT_NAME = "$(TARGET_NAME:c99extidentifier)";
				SKIP_INSTALL = YES;
				SWIFT_EMIT_LOC_STRINGS = YES;
				SWIFT_VERSION = 5.0;
				TARGETED_DEVICE_FAMILY = "1,2";
				VERSIONING_SYSTEM = "apple-generic";
				VERSION_INFO_PREFIX = "";
			};
			name = Debug;
		};
		5406E7E72B7CA9B700394DF0 /* Release */ = {
			isa = XCBuildConfiguration;
			buildSettings = {
				CODE_SIGN_STYLE = Automatic;
				CURRENT_PROJECT_VERSION = 1;
				DEFINES_MODULE = YES;
				DEVELOPMENT_TEAM = 45SSL5KC89;
				DYLIB_COMPATIBILITY_VERSION = 1;
				DYLIB_CURRENT_VERSION = 1;
				DYLIB_INSTALL_NAME_BASE = "@rpath";
				ENABLE_MODULE_VERIFIER = YES;
				GENERATE_INFOPLIST_FILE = YES;
				INFOPLIST_KEY_NSHumanReadableCopyright = "";
				INSTALL_PATH = "$(LOCAL_LIBRARY_DIR)/Frameworks";
				LD_RUNPATH_SEARCH_PATHS = (
					"$(inherited)",
					"@executable_path/Frameworks",
					"@loader_path/Frameworks",
				);
				MARKETING_VERSION = 1.0;
				MODULE_VERIFIER_SUPPORTED_LANGUAGES = "objective-c objective-c++";
				MODULE_VERIFIER_SUPPORTED_LANGUAGE_STANDARDS = "gnu17 gnu++20";
				PRODUCT_BUNDLE_IDENTIFIER = forSuccess.Counter;
				PRODUCT_NAME = "$(TARGET_NAME:c99extidentifier)";
				SKIP_INSTALL = YES;
				SWIFT_EMIT_LOC_STRINGS = YES;
				SWIFT_VERSION = 5.0;
				TARGETED_DEVICE_FAMILY = "1,2";
				VERSIONING_SYSTEM = "apple-generic";
				VERSION_INFO_PREFIX = "";
			};
			name = Release;
		};
		5406E7EA2B7CA9B700394DF0 /* Debug */ = {
			isa = XCBuildConfiguration;
			buildSettings = {
				ALWAYS_EMBED_SWIFT_STANDARD_LIBRARIES = YES;
				CODE_SIGN_STYLE = Automatic;
				CURRENT_PROJECT_VERSION = 1;
				DEVELOPMENT_TEAM = 45SSL5KC89;
				GENERATE_INFOPLIST_FILE = YES;
				MARKETING_VERSION = 1.0;
				PRODUCT_BUNDLE_IDENTIFIER = forSuccess.CounterTests;
				PRODUCT_NAME = "$(TARGET_NAME)";
				SWIFT_EMIT_LOC_STRINGS = NO;
				SWIFT_VERSION = 5.0;
				TARGETED_DEVICE_FAMILY = "1,2";
				TEST_HOST = "$(BUILT_PRODUCTS_DIR)/ComposableArch.app/$(BUNDLE_EXECUTABLE_FOLDER_PATH)/ComposableArch";
			};
			name = Debug;
		};
		5406E7EB2B7CA9B700394DF0 /* Release */ = {
			isa = XCBuildConfiguration;
			buildSettings = {
				ALWAYS_EMBED_SWIFT_STANDARD_LIBRARIES = YES;
				CODE_SIGN_STYLE = Automatic;
				CURRENT_PROJECT_VERSION = 1;
				DEVELOPMENT_TEAM = 45SSL5KC89;
				GENERATE_INFOPLIST_FILE = YES;
				MARKETING_VERSION = 1.0;
				PRODUCT_BUNDLE_IDENTIFIER = forSuccess.CounterTests;
				PRODUCT_NAME = "$(TARGET_NAME)";
				SWIFT_EMIT_LOC_STRINGS = NO;
				SWIFT_VERSION = 5.0;
				TARGETED_DEVICE_FAMILY = "1,2";
				TEST_HOST = "$(BUILT_PRODUCTS_DIR)/ComposableArch.app/$(BUNDLE_EXECUTABLE_FOLDER_PATH)/ComposableArch";
			};
			name = Release;
		};
		5406E8092B7CA9DC00394DF0 /* Debug */ = {
			isa = XCBuildConfiguration;
			buildSettings = {
				CODE_SIGN_STYLE = Automatic;
				CURRENT_PROJECT_VERSION = 1;
				DEFINES_MODULE = YES;
				DEVELOPMENT_TEAM = 45SSL5KC89;
				DYLIB_COMPATIBILITY_VERSION = 1;
				DYLIB_CURRENT_VERSION = 1;
				DYLIB_INSTALL_NAME_BASE = "@rpath";
				ENABLE_MODULE_VERIFIER = YES;
				GENERATE_INFOPLIST_FILE = YES;
				INFOPLIST_KEY_NSHumanReadableCopyright = "";
				INSTALL_PATH = "$(LOCAL_LIBRARY_DIR)/Frameworks";
				LD_RUNPATH_SEARCH_PATHS = (
					"$(inherited)",
					"@executable_path/Frameworks",
					"@loader_path/Frameworks",
				);
				MARKETING_VERSION = 1.0;
				MODULE_VERIFIER_SUPPORTED_LANGUAGES = "objective-c objective-c++";
				MODULE_VERIFIER_SUPPORTED_LANGUAGE_STANDARDS = "gnu17 gnu++20";
				PRODUCT_BUNDLE_IDENTIFIER = forSuccess.PrimeModal;
				PRODUCT_NAME = "$(TARGET_NAME:c99extidentifier)";
				SKIP_INSTALL = YES;
				SWIFT_EMIT_LOC_STRINGS = YES;
				SWIFT_VERSION = 5.0;
				TARGETED_DEVICE_FAMILY = "1,2";
				VERSIONING_SYSTEM = "apple-generic";
				VERSION_INFO_PREFIX = "";
			};
			name = Debug;
		};
		5406E80A2B7CA9DC00394DF0 /* Release */ = {
			isa = XCBuildConfiguration;
			buildSettings = {
				CODE_SIGN_STYLE = Automatic;
				CURRENT_PROJECT_VERSION = 1;
				DEFINES_MODULE = YES;
				DEVELOPMENT_TEAM = 45SSL5KC89;
				DYLIB_COMPATIBILITY_VERSION = 1;
				DYLIB_CURRENT_VERSION = 1;
				DYLIB_INSTALL_NAME_BASE = "@rpath";
				ENABLE_MODULE_VERIFIER = YES;
				GENERATE_INFOPLIST_FILE = YES;
				INFOPLIST_KEY_NSHumanReadableCopyright = "";
				INSTALL_PATH = "$(LOCAL_LIBRARY_DIR)/Frameworks";
				LD_RUNPATH_SEARCH_PATHS = (
					"$(inherited)",
					"@executable_path/Frameworks",
					"@loader_path/Frameworks",
				);
				MARKETING_VERSION = 1.0;
				MODULE_VERIFIER_SUPPORTED_LANGUAGES = "objective-c objective-c++";
				MODULE_VERIFIER_SUPPORTED_LANGUAGE_STANDARDS = "gnu17 gnu++20";
				PRODUCT_BUNDLE_IDENTIFIER = forSuccess.PrimeModal;
				PRODUCT_NAME = "$(TARGET_NAME:c99extidentifier)";
				SKIP_INSTALL = YES;
				SWIFT_EMIT_LOC_STRINGS = YES;
				SWIFT_VERSION = 5.0;
				TARGETED_DEVICE_FAMILY = "1,2";
				VERSIONING_SYSTEM = "apple-generic";
				VERSION_INFO_PREFIX = "";
			};
			name = Release;
		};
		5406E80C2B7CA9DC00394DF0 /* Debug */ = {
			isa = XCBuildConfiguration;
			buildSettings = {
				ALWAYS_EMBED_SWIFT_STANDARD_LIBRARIES = YES;
				CODE_SIGN_STYLE = Automatic;
				CURRENT_PROJECT_VERSION = 1;
				DEVELOPMENT_TEAM = 45SSL5KC89;
				GENERATE_INFOPLIST_FILE = YES;
				MARKETING_VERSION = 1.0;
				PRODUCT_BUNDLE_IDENTIFIER = forSuccess.PrimeModalTests;
				PRODUCT_NAME = "$(TARGET_NAME)";
				SWIFT_EMIT_LOC_STRINGS = NO;
				SWIFT_VERSION = 5.0;
				TARGETED_DEVICE_FAMILY = "1,2";
				TEST_HOST = "$(BUILT_PRODUCTS_DIR)/ComposableArch.app/$(BUNDLE_EXECUTABLE_FOLDER_PATH)/ComposableArch";
			};
			name = Debug;
		};
		5406E80D2B7CA9DC00394DF0 /* Release */ = {
			isa = XCBuildConfiguration;
			buildSettings = {
				ALWAYS_EMBED_SWIFT_STANDARD_LIBRARIES = YES;
				CODE_SIGN_STYLE = Automatic;
				CURRENT_PROJECT_VERSION = 1;
				DEVELOPMENT_TEAM = 45SSL5KC89;
				GENERATE_INFOPLIST_FILE = YES;
				MARKETING_VERSION = 1.0;
				PRODUCT_BUNDLE_IDENTIFIER = forSuccess.PrimeModalTests;
				PRODUCT_NAME = "$(TARGET_NAME)";
				SWIFT_EMIT_LOC_STRINGS = NO;
				SWIFT_VERSION = 5.0;
				TARGETED_DEVICE_FAMILY = "1,2";
				TEST_HOST = "$(BUILT_PRODUCTS_DIR)/ComposableArch.app/$(BUNDLE_EXECUTABLE_FOLDER_PATH)/ComposableArch";
			};
			name = Release;
		};
		5406E82B2B7CA9F100394DF0 /* Debug */ = {
			isa = XCBuildConfiguration;
			buildSettings = {
				CODE_SIGN_STYLE = Automatic;
				CURRENT_PROJECT_VERSION = 1;
				DEFINES_MODULE = YES;
				DEVELOPMENT_TEAM = 45SSL5KC89;
				DYLIB_COMPATIBILITY_VERSION = 1;
				DYLIB_CURRENT_VERSION = 1;
				DYLIB_INSTALL_NAME_BASE = "@rpath";
				ENABLE_MODULE_VERIFIER = YES;
				GENERATE_INFOPLIST_FILE = YES;
				INFOPLIST_KEY_NSHumanReadableCopyright = "";
				INSTALL_PATH = "$(LOCAL_LIBRARY_DIR)/Frameworks";
				LD_RUNPATH_SEARCH_PATHS = (
					"$(inherited)",
					"@executable_path/Frameworks",
					"@loader_path/Frameworks",
				);
				MARKETING_VERSION = 1.0;
				MODULE_VERIFIER_SUPPORTED_LANGUAGES = "objective-c objective-c++";
				MODULE_VERIFIER_SUPPORTED_LANGUAGE_STANDARDS = "gnu17 gnu++20";
				PRODUCT_BUNDLE_IDENTIFIER = forSuccess.FavoritePrimes;
				PRODUCT_NAME = "$(TARGET_NAME:c99extidentifier)";
				SKIP_INSTALL = YES;
				SWIFT_EMIT_LOC_STRINGS = YES;
				SWIFT_VERSION = 5.0;
				TARGETED_DEVICE_FAMILY = "1,2";
				VERSIONING_SYSTEM = "apple-generic";
				VERSION_INFO_PREFIX = "";
			};
			name = Debug;
		};
		5406E82C2B7CA9F100394DF0 /* Release */ = {
			isa = XCBuildConfiguration;
			buildSettings = {
				CODE_SIGN_STYLE = Automatic;
				CURRENT_PROJECT_VERSION = 1;
				DEFINES_MODULE = YES;
				DEVELOPMENT_TEAM = 45SSL5KC89;
				DYLIB_COMPATIBILITY_VERSION = 1;
				DYLIB_CURRENT_VERSION = 1;
				DYLIB_INSTALL_NAME_BASE = "@rpath";
				ENABLE_MODULE_VERIFIER = YES;
				GENERATE_INFOPLIST_FILE = YES;
				INFOPLIST_KEY_NSHumanReadableCopyright = "";
				INSTALL_PATH = "$(LOCAL_LIBRARY_DIR)/Frameworks";
				LD_RUNPATH_SEARCH_PATHS = (
					"$(inherited)",
					"@executable_path/Frameworks",
					"@loader_path/Frameworks",
				);
				MARKETING_VERSION = 1.0;
				MODULE_VERIFIER_SUPPORTED_LANGUAGES = "objective-c objective-c++";
				MODULE_VERIFIER_SUPPORTED_LANGUAGE_STANDARDS = "gnu17 gnu++20";
				PRODUCT_BUNDLE_IDENTIFIER = forSuccess.FavoritePrimes;
				PRODUCT_NAME = "$(TARGET_NAME:c99extidentifier)";
				SKIP_INSTALL = YES;
				SWIFT_EMIT_LOC_STRINGS = YES;
				SWIFT_VERSION = 5.0;
				TARGETED_DEVICE_FAMILY = "1,2";
				VERSIONING_SYSTEM = "apple-generic";
				VERSION_INFO_PREFIX = "";
			};
			name = Release;
		};
		5406E82E2B7CA9F100394DF0 /* Debug */ = {
			isa = XCBuildConfiguration;
			buildSettings = {
				ALWAYS_EMBED_SWIFT_STANDARD_LIBRARIES = YES;
				CODE_SIGN_STYLE = Automatic;
				CURRENT_PROJECT_VERSION = 1;
				DEVELOPMENT_TEAM = 45SSL5KC89;
				GENERATE_INFOPLIST_FILE = YES;
				MARKETING_VERSION = 1.0;
				PRODUCT_BUNDLE_IDENTIFIER = forSuccess.FavoritePrimesTests;
				PRODUCT_NAME = "$(TARGET_NAME)";
				SWIFT_EMIT_LOC_STRINGS = NO;
				SWIFT_VERSION = 5.0;
				TARGETED_DEVICE_FAMILY = "1,2";
				TEST_HOST = "$(BUILT_PRODUCTS_DIR)/ComposableArch.app/$(BUNDLE_EXECUTABLE_FOLDER_PATH)/ComposableArch";
			};
			name = Debug;
		};
		5406E82F2B7CA9F100394DF0 /* Release */ = {
			isa = XCBuildConfiguration;
			buildSettings = {
				ALWAYS_EMBED_SWIFT_STANDARD_LIBRARIES = YES;
				CODE_SIGN_STYLE = Automatic;
				CURRENT_PROJECT_VERSION = 1;
				DEVELOPMENT_TEAM = 45SSL5KC89;
				GENERATE_INFOPLIST_FILE = YES;
				MARKETING_VERSION = 1.0;
				PRODUCT_BUNDLE_IDENTIFIER = forSuccess.FavoritePrimesTests;
				PRODUCT_NAME = "$(TARGET_NAME)";
				SWIFT_EMIT_LOC_STRINGS = NO;
				SWIFT_VERSION = 5.0;
				TARGETED_DEVICE_FAMILY = "1,2";
				TEST_HOST = "$(BUILT_PRODUCTS_DIR)/ComposableArch.app/$(BUNDLE_EXECUTABLE_FOLDER_PATH)/ComposableArch";
			};
			name = Release;
		};
		5406E84D2B7CAA4C00394DF0 /* Debug */ = {
			isa = XCBuildConfiguration;
			buildSettings = {
				CODE_SIGN_STYLE = Automatic;
				CURRENT_PROJECT_VERSION = 1;
				DEFINES_MODULE = YES;
				DEVELOPMENT_TEAM = 45SSL5KC89;
				DYLIB_COMPATIBILITY_VERSION = 1;
				DYLIB_CURRENT_VERSION = 1;
				DYLIB_INSTALL_NAME_BASE = "@rpath";
				ENABLE_MODULE_VERIFIER = YES;
				GENERATE_INFOPLIST_FILE = YES;
				INFOPLIST_KEY_NSHumanReadableCopyright = "";
				INSTALL_PATH = "$(LOCAL_LIBRARY_DIR)/Frameworks";
				LD_RUNPATH_SEARCH_PATHS = (
					"$(inherited)",
					"@executable_path/Frameworks",
					"@loader_path/Frameworks",
				);
				MARKETING_VERSION = 1.0;
				MODULE_VERIFIER_SUPPORTED_LANGUAGES = "objective-c objective-c++";
				MODULE_VERIFIER_SUPPORTED_LANGUAGE_STANDARDS = "gnu17 gnu++20";
				PRODUCT_BUNDLE_IDENTIFIER = forSuccess.ComposableArchitecture;
				PRODUCT_NAME = "$(TARGET_NAME:c99extidentifier)";
				SKIP_INSTALL = YES;
				SWIFT_EMIT_LOC_STRINGS = YES;
				SWIFT_VERSION = 5.0;
				TARGETED_DEVICE_FAMILY = "1,2";
				VERSIONING_SYSTEM = "apple-generic";
				VERSION_INFO_PREFIX = "";
			};
			name = Debug;
		};
		5406E84E2B7CAA4C00394DF0 /* Release */ = {
			isa = XCBuildConfiguration;
			buildSettings = {
				CODE_SIGN_STYLE = Automatic;
				CURRENT_PROJECT_VERSION = 1;
				DEFINES_MODULE = YES;
				DEVELOPMENT_TEAM = 45SSL5KC89;
				DYLIB_COMPATIBILITY_VERSION = 1;
				DYLIB_CURRENT_VERSION = 1;
				DYLIB_INSTALL_NAME_BASE = "@rpath";
				ENABLE_MODULE_VERIFIER = YES;
				GENERATE_INFOPLIST_FILE = YES;
				INFOPLIST_KEY_NSHumanReadableCopyright = "";
				INSTALL_PATH = "$(LOCAL_LIBRARY_DIR)/Frameworks";
				LD_RUNPATH_SEARCH_PATHS = (
					"$(inherited)",
					"@executable_path/Frameworks",
					"@loader_path/Frameworks",
				);
				MARKETING_VERSION = 1.0;
				MODULE_VERIFIER_SUPPORTED_LANGUAGES = "objective-c objective-c++";
				MODULE_VERIFIER_SUPPORTED_LANGUAGE_STANDARDS = "gnu17 gnu++20";
				PRODUCT_BUNDLE_IDENTIFIER = forSuccess.ComposableArchitecture;
				PRODUCT_NAME = "$(TARGET_NAME:c99extidentifier)";
				SKIP_INSTALL = YES;
				SWIFT_EMIT_LOC_STRINGS = YES;
				SWIFT_VERSION = 5.0;
				TARGETED_DEVICE_FAMILY = "1,2";
				VERSIONING_SYSTEM = "apple-generic";
				VERSION_INFO_PREFIX = "";
			};
			name = Release;
		};
		5406E8502B7CAA4C00394DF0 /* Debug */ = {
			isa = XCBuildConfiguration;
			buildSettings = {
				ALWAYS_EMBED_SWIFT_STANDARD_LIBRARIES = YES;
				CODE_SIGN_STYLE = Automatic;
				CURRENT_PROJECT_VERSION = 1;
				DEVELOPMENT_TEAM = 45SSL5KC89;
				GENERATE_INFOPLIST_FILE = YES;
				MARKETING_VERSION = 1.0;
				PRODUCT_BUNDLE_IDENTIFIER = forSuccess.ComposableArchitectureTests;
				PRODUCT_NAME = "$(TARGET_NAME)";
				SWIFT_EMIT_LOC_STRINGS = NO;
				SWIFT_VERSION = 5.0;
				TARGETED_DEVICE_FAMILY = "1,2";
				TEST_HOST = "$(BUILT_PRODUCTS_DIR)/ComposableArch.app/$(BUNDLE_EXECUTABLE_FOLDER_PATH)/ComposableArch";
			};
			name = Debug;
		};
		5406E8512B7CAA4C00394DF0 /* Release */ = {
			isa = XCBuildConfiguration;
			buildSettings = {
				ALWAYS_EMBED_SWIFT_STANDARD_LIBRARIES = YES;
				CODE_SIGN_STYLE = Automatic;
				CURRENT_PROJECT_VERSION = 1;
				DEVELOPMENT_TEAM = 45SSL5KC89;
				GENERATE_INFOPLIST_FILE = YES;
				MARKETING_VERSION = 1.0;
				PRODUCT_BUNDLE_IDENTIFIER = forSuccess.ComposableArchitectureTests;
				PRODUCT_NAME = "$(TARGET_NAME)";
				SWIFT_EMIT_LOC_STRINGS = NO;
				SWIFT_VERSION = 5.0;
				TARGETED_DEVICE_FAMILY = "1,2";
				TEST_HOST = "$(BUILT_PRODUCTS_DIR)/ComposableArch.app/$(BUNDLE_EXECUTABLE_FOLDER_PATH)/ComposableArch";
			};
			name = Release;
		};
		548AA2062B754C8600BD4BBF /* Debug */ = {
			isa = XCBuildConfiguration;
			buildSettings = {
				ALWAYS_SEARCH_USER_PATHS = NO;
				ASSETCATALOG_COMPILER_GENERATE_SWIFT_ASSET_SYMBOL_EXTENSIONS = YES;
				CLANG_ANALYZER_NONNULL = YES;
				CLANG_ANALYZER_NUMBER_OBJECT_CONVERSION = YES_AGGRESSIVE;
				CLANG_CXX_LANGUAGE_STANDARD = "gnu++20";
				CLANG_ENABLE_MODULES = YES;
				CLANG_ENABLE_OBJC_ARC = YES;
				CLANG_ENABLE_OBJC_WEAK = YES;
				CLANG_WARN_BLOCK_CAPTURE_AUTORELEASING = YES;
				CLANG_WARN_BOOL_CONVERSION = YES;
				CLANG_WARN_COMMA = YES;
				CLANG_WARN_CONSTANT_CONVERSION = YES;
				CLANG_WARN_DEPRECATED_OBJC_IMPLEMENTATIONS = YES;
				CLANG_WARN_DIRECT_OBJC_ISA_USAGE = YES_ERROR;
				CLANG_WARN_DOCUMENTATION_COMMENTS = YES;
				CLANG_WARN_EMPTY_BODY = YES;
				CLANG_WARN_ENUM_CONVERSION = YES;
				CLANG_WARN_INFINITE_RECURSION = YES;
				CLANG_WARN_INT_CONVERSION = YES;
				CLANG_WARN_NON_LITERAL_NULL_CONVERSION = YES;
				CLANG_WARN_OBJC_IMPLICIT_RETAIN_SELF = YES;
				CLANG_WARN_OBJC_LITERAL_CONVERSION = YES;
				CLANG_WARN_OBJC_ROOT_CLASS = YES_ERROR;
				CLANG_WARN_QUOTED_INCLUDE_IN_FRAMEWORK_HEADER = YES;
				CLANG_WARN_RANGE_LOOP_ANALYSIS = YES;
				CLANG_WARN_STRICT_PROTOTYPES = YES;
				CLANG_WARN_SUSPICIOUS_MOVE = YES;
				CLANG_WARN_UNGUARDED_AVAILABILITY = YES_AGGRESSIVE;
				CLANG_WARN_UNREACHABLE_CODE = YES;
				CLANG_WARN__DUPLICATE_METHOD_MATCH = YES;
				COPY_PHASE_STRIP = NO;
				DEBUG_INFORMATION_FORMAT = dwarf;
				ENABLE_STRICT_OBJC_MSGSEND = YES;
				ENABLE_TESTABILITY = YES;
				ENABLE_USER_SCRIPT_SANDBOXING = YES;
				GCC_C_LANGUAGE_STANDARD = gnu17;
				GCC_DYNAMIC_NO_PIC = NO;
				GCC_NO_COMMON_BLOCKS = YES;
				GCC_OPTIMIZATION_LEVEL = 0;
				GCC_PREPROCESSOR_DEFINITIONS = (
					"DEBUG=1",
					"$(inherited)",
				);
				GCC_WARN_64_TO_32_BIT_CONVERSION = YES;
				GCC_WARN_ABOUT_RETURN_TYPE = YES_ERROR;
				GCC_WARN_UNDECLARED_SELECTOR = YES;
				GCC_WARN_UNINITIALIZED_AUTOS = YES_AGGRESSIVE;
				GCC_WARN_UNUSED_FUNCTION = YES;
				GCC_WARN_UNUSED_VARIABLE = YES;
				IPHONEOS_DEPLOYMENT_TARGET = 17.0;
				LOCALIZATION_PREFERS_STRING_CATALOGS = YES;
				MTL_ENABLE_DEBUG_INFO = INCLUDE_SOURCE;
				MTL_FAST_MATH = YES;
				ONLY_ACTIVE_ARCH = YES;
				SDKROOT = iphoneos;
				SWIFT_ACTIVE_COMPILATION_CONDITIONS = "DEBUG $(inherited)";
				SWIFT_OPTIMIZATION_LEVEL = "-Onone";
			};
			name = Debug;
		};
		548AA2072B754C8600BD4BBF /* Release */ = {
			isa = XCBuildConfiguration;
			buildSettings = {
				ALWAYS_SEARCH_USER_PATHS = NO;
				ASSETCATALOG_COMPILER_GENERATE_SWIFT_ASSET_SYMBOL_EXTENSIONS = YES;
				CLANG_ANALYZER_NONNULL = YES;
				CLANG_ANALYZER_NUMBER_OBJECT_CONVERSION = YES_AGGRESSIVE;
				CLANG_CXX_LANGUAGE_STANDARD = "gnu++20";
				CLANG_ENABLE_MODULES = YES;
				CLANG_ENABLE_OBJC_ARC = YES;
				CLANG_ENABLE_OBJC_WEAK = YES;
				CLANG_WARN_BLOCK_CAPTURE_AUTORELEASING = YES;
				CLANG_WARN_BOOL_CONVERSION = YES;
				CLANG_WARN_COMMA = YES;
				CLANG_WARN_CONSTANT_CONVERSION = YES;
				CLANG_WARN_DEPRECATED_OBJC_IMPLEMENTATIONS = YES;
				CLANG_WARN_DIRECT_OBJC_ISA_USAGE = YES_ERROR;
				CLANG_WARN_DOCUMENTATION_COMMENTS = YES;
				CLANG_WARN_EMPTY_BODY = YES;
				CLANG_WARN_ENUM_CONVERSION = YES;
				CLANG_WARN_INFINITE_RECURSION = YES;
				CLANG_WARN_INT_CONVERSION = YES;
				CLANG_WARN_NON_LITERAL_NULL_CONVERSION = YES;
				CLANG_WARN_OBJC_IMPLICIT_RETAIN_SELF = YES;
				CLANG_WARN_OBJC_LITERAL_CONVERSION = YES;
				CLANG_WARN_OBJC_ROOT_CLASS = YES_ERROR;
				CLANG_WARN_QUOTED_INCLUDE_IN_FRAMEWORK_HEADER = YES;
				CLANG_WARN_RANGE_LOOP_ANALYSIS = YES;
				CLANG_WARN_STRICT_PROTOTYPES = YES;
				CLANG_WARN_SUSPICIOUS_MOVE = YES;
				CLANG_WARN_UNGUARDED_AVAILABILITY = YES_AGGRESSIVE;
				CLANG_WARN_UNREACHABLE_CODE = YES;
				CLANG_WARN__DUPLICATE_METHOD_MATCH = YES;
				COPY_PHASE_STRIP = NO;
				DEBUG_INFORMATION_FORMAT = "dwarf-with-dsym";
				ENABLE_NS_ASSERTIONS = NO;
				ENABLE_STRICT_OBJC_MSGSEND = YES;
				ENABLE_USER_SCRIPT_SANDBOXING = YES;
				GCC_C_LANGUAGE_STANDARD = gnu17;
				GCC_NO_COMMON_BLOCKS = YES;
				GCC_WARN_64_TO_32_BIT_CONVERSION = YES;
				GCC_WARN_ABOUT_RETURN_TYPE = YES_ERROR;
				GCC_WARN_UNDECLARED_SELECTOR = YES;
				GCC_WARN_UNINITIALIZED_AUTOS = YES_AGGRESSIVE;
				GCC_WARN_UNUSED_FUNCTION = YES;
				GCC_WARN_UNUSED_VARIABLE = YES;
				IPHONEOS_DEPLOYMENT_TARGET = 17.0;
				LOCALIZATION_PREFERS_STRING_CATALOGS = YES;
				MTL_ENABLE_DEBUG_INFO = NO;
				MTL_FAST_MATH = YES;
				SDKROOT = iphoneos;
				SWIFT_COMPILATION_MODE = wholemodule;
				VALIDATE_PRODUCT = YES;
			};
			name = Release;
		};
		548AA2092B754C8600BD4BBF /* Debug */ = {
			isa = XCBuildConfiguration;
			buildSettings = {
				ALWAYS_EMBED_SWIFT_STANDARD_LIBRARIES = YES;
				ASSETCATALOG_COMPILER_APPICON_NAME = AppIcon;
				ASSETCATALOG_COMPILER_GLOBAL_ACCENT_COLOR_NAME = AccentColor;
				CODE_SIGN_STYLE = Automatic;
				CURRENT_PROJECT_VERSION = 1;
				DEVELOPMENT_ASSET_PATHS = "\"ComposableArch/Preview Content\"";
				DEVELOPMENT_TEAM = 45SSL5KC89;
				ENABLE_PREVIEWS = YES;
				GENERATE_INFOPLIST_FILE = YES;
				INFOPLIST_KEY_UIApplicationSceneManifest_Generation = YES;
				INFOPLIST_KEY_UIApplicationSupportsIndirectInputEvents = YES;
				INFOPLIST_KEY_UILaunchScreen_Generation = YES;
				INFOPLIST_KEY_UISupportedInterfaceOrientations_iPad = "UIInterfaceOrientationPortrait UIInterfaceOrientationPortraitUpsideDown UIInterfaceOrientationLandscapeLeft UIInterfaceOrientationLandscapeRight";
				INFOPLIST_KEY_UISupportedInterfaceOrientations_iPhone = "UIInterfaceOrientationPortrait UIInterfaceOrientationLandscapeLeft UIInterfaceOrientationLandscapeRight";
				LD_RUNPATH_SEARCH_PATHS = (
					"$(inherited)",
					"@executable_path/Frameworks",
				);
				MARKETING_VERSION = 1.0;
				PRODUCT_BUNDLE_IDENTIFIER = forSuccess.ComposableArch;
				PRODUCT_NAME = "$(TARGET_NAME)";
				SWIFT_EMIT_LOC_STRINGS = YES;
				SWIFT_VERSION = 5.0;
				TARGETED_DEVICE_FAMILY = "1,2";
			};
			name = Debug;
		};
		548AA20A2B754C8600BD4BBF /* Release */ = {
			isa = XCBuildConfiguration;
			buildSettings = {
				ALWAYS_EMBED_SWIFT_STANDARD_LIBRARIES = YES;
				ASSETCATALOG_COMPILER_APPICON_NAME = AppIcon;
				ASSETCATALOG_COMPILER_GLOBAL_ACCENT_COLOR_NAME = AccentColor;
				CODE_SIGN_STYLE = Automatic;
				CURRENT_PROJECT_VERSION = 1;
				DEVELOPMENT_ASSET_PATHS = "\"ComposableArch/Preview Content\"";
				DEVELOPMENT_TEAM = 45SSL5KC89;
				ENABLE_PREVIEWS = YES;
				GENERATE_INFOPLIST_FILE = YES;
				INFOPLIST_KEY_UIApplicationSceneManifest_Generation = YES;
				INFOPLIST_KEY_UIApplicationSupportsIndirectInputEvents = YES;
				INFOPLIST_KEY_UILaunchScreen_Generation = YES;
				INFOPLIST_KEY_UISupportedInterfaceOrientations_iPad = "UIInterfaceOrientationPortrait UIInterfaceOrientationPortraitUpsideDown UIInterfaceOrientationLandscapeLeft UIInterfaceOrientationLandscapeRight";
				INFOPLIST_KEY_UISupportedInterfaceOrientations_iPhone = "UIInterfaceOrientationPortrait UIInterfaceOrientationLandscapeLeft UIInterfaceOrientationLandscapeRight";
				LD_RUNPATH_SEARCH_PATHS = (
					"$(inherited)",
					"@executable_path/Frameworks",
				);
				MARKETING_VERSION = 1.0;
				PRODUCT_BUNDLE_IDENTIFIER = forSuccess.ComposableArch;
				PRODUCT_NAME = "$(TARGET_NAME)";
				SWIFT_EMIT_LOC_STRINGS = YES;
				SWIFT_VERSION = 5.0;
				TARGETED_DEVICE_FAMILY = "1,2";
			};
			name = Release;
		};
/* End XCBuildConfiguration section */

/* Begin XCConfigurationList section */
		5406E7E52B7CA9B700394DF0 /* Build configuration list for PBXNativeTarget "Counter" */ = {
			isa = XCConfigurationList;
			buildConfigurations = (
				5406E7E62B7CA9B700394DF0 /* Debug */,
				5406E7E72B7CA9B700394DF0 /* Release */,
			);
			defaultConfigurationIsVisible = 0;
			defaultConfigurationName = Release;
		};
		5406E7E92B7CA9B700394DF0 /* Build configuration list for PBXNativeTarget "CounterTests" */ = {
			isa = XCConfigurationList;
			buildConfigurations = (
				5406E7EA2B7CA9B700394DF0 /* Debug */,
				5406E7EB2B7CA9B700394DF0 /* Release */,
			);
			defaultConfigurationIsVisible = 0;
			defaultConfigurationName = Release;
		};
		5406E8082B7CA9DC00394DF0 /* Build configuration list for PBXNativeTarget "PrimeModal" */ = {
			isa = XCConfigurationList;
			buildConfigurations = (
				5406E8092B7CA9DC00394DF0 /* Debug */,
				5406E80A2B7CA9DC00394DF0 /* Release */,
			);
			defaultConfigurationIsVisible = 0;
			defaultConfigurationName = Release;
		};
		5406E80B2B7CA9DC00394DF0 /* Build configuration list for PBXNativeTarget "PrimeModalTests" */ = {
			isa = XCConfigurationList;
			buildConfigurations = (
				5406E80C2B7CA9DC00394DF0 /* Debug */,
				5406E80D2B7CA9DC00394DF0 /* Release */,
			);
			defaultConfigurationIsVisible = 0;
			defaultConfigurationName = Release;
		};
		5406E82A2B7CA9F100394DF0 /* Build configuration list for PBXNativeTarget "FavoritePrimes" */ = {
			isa = XCConfigurationList;
			buildConfigurations = (
				5406E82B2B7CA9F100394DF0 /* Debug */,
				5406E82C2B7CA9F100394DF0 /* Release */,
			);
			defaultConfigurationIsVisible = 0;
			defaultConfigurationName = Release;
		};
		5406E82D2B7CA9F100394DF0 /* Build configuration list for PBXNativeTarget "FavoritePrimesTests" */ = {
			isa = XCConfigurationList;
			buildConfigurations = (
				5406E82E2B7CA9F100394DF0 /* Debug */,
				5406E82F2B7CA9F100394DF0 /* Release */,
			);
			defaultConfigurationIsVisible = 0;
			defaultConfigurationName = Release;
		};
		5406E84C2B7CAA4C00394DF0 /* Build configuration list for PBXNativeTarget "ComposableArchitecture" */ = {
			isa = XCConfigurationList;
			buildConfigurations = (
				5406E84D2B7CAA4C00394DF0 /* Debug */,
				5406E84E2B7CAA4C00394DF0 /* Release */,
			);
			defaultConfigurationIsVisible = 0;
			defaultConfigurationName = Release;
		};
		5406E84F2B7CAA4C00394DF0 /* Build configuration list for PBXNativeTarget "ComposableArchitectureTests" */ = {
			isa = XCConfigurationList;
			buildConfigurations = (
				5406E8502B7CAA4C00394DF0 /* Debug */,
				5406E8512B7CAA4C00394DF0 /* Release */,
			);
			defaultConfigurationIsVisible = 0;
			defaultConfigurationName = Release;
		};
		548AA1F52B754C8500BD4BBF /* Build configuration list for PBXProject "ComposableArch" */ = {
			isa = XCConfigurationList;
			buildConfigurations = (
				548AA2062B754C8600BD4BBF /* Debug */,
				548AA2072B754C8600BD4BBF /* Release */,
			);
			defaultConfigurationIsVisible = 0;
			defaultConfigurationName = Release;
		};
		548AA2082B754C8600BD4BBF /* Build configuration list for PBXNativeTarget "ComposableArch" */ = {
			isa = XCConfigurationList;
			buildConfigurations = (
				548AA2092B754C8600BD4BBF /* Debug */,
				548AA20A2B754C8600BD4BBF /* Release */,
			);
			defaultConfigurationIsVisible = 0;
			defaultConfigurationName = Release;
		};
/* End XCConfigurationList section */
	};
	rootObject = 548AA1F22B754C8500BD4BBF /* Project object */;
}
